{
  "name": "test-odiff",
  "version": "1.0.0",
  "lockfileVersion": 2,
  "requires": true,
  "packages": {
    "": {
      "name": "test-odiff",
      "version": "1.0.0",
      "license": "MIT",
      "dependencies": {
        "odiff": "^1.4.3",
        "odiff-bin": "^2.5.0"
      }
    },
    "node_modules/odiff": {
      "version": "1.4.3",
      "resolved": "https://registry.npmjs.org/odiff/-/odiff-1.4.3.tgz",
      "integrity": "sha512-NccZMchUzZAuyN2EtdA8oyQfrSftx7x7RIdC/MXuFrZvB91SUWxC0GVLVHoRve011sTtyZDT8yyt3Zis+NP/gg==",
      "license": {
        "name": "MIT",
        "url": "http://www.opensource.org/licenses/mit-license.php"
      }
    },
    "node_modules/odiff-bin": {
      "version": "2.5.0",
      "resolved": "https://registry.npmjs.org/odiff-bin/-/odiff-bin-2.5.0.tgz",
      "integrity": "sha512-wquvVqZltr0w3IFWTjiWloNjlIDaMq0aWoWLStV9GHWRjio1Pznh1UkWkVWp8UukT/TiHoFKrRC47viZVOnmsA==",
      "hasInstallScript": true,
      "license": "MIT",
      "bin": {
        "odiff": "bin/odiff"
      }
    }
  },
  "dependencies": {
    "odiff": {
      "version": "1.4.3",
      "resolved": "https://registry.npmjs.org/odiff/-/odiff-1.4.3.tgz",
      "integrity": "sha512-NccZMchUzZAuyN2EtdA8oyQfrSftx7x7RIdC/MXuFrZvB91SUWxC0GVLVHoRve011sTtyZDT8yyt3Zis+NP/gg=="
    },
    "odiff-bin": {
      "version": "2.5.0",
      "resolved": "https://registry.npmjs.org/odiff-bin/-/odiff-bin-2.5.0.tgz",
      "integrity": "sha512-wquvVqZltr0w3IFWTjiWloNjlIDaMq0aWoWLStV9GHWRjio1Pznh1UkWkVWp8UukT/TiHoFKrRC47viZVOnmsA=="
    }
  }
}
