# THIS IS AN AUTOGENERATED FILE. DO NOT EDIT THIS FILE DIRECTLY.
# yarn lockfile v1


"odiff-bin@^2.5.0":
  "integrity" "sha512-wquvVqZltr0w3IFWTjiWloNjlIDaMq0aWoWLStV9GHWRjio1Pznh1UkWkVWp8UukT/TiHoFKrRC47viZVOnmsA=="
  "resolved" "https://registry.npmjs.org/odiff-bin/-/odiff-bin-2.5.0.tgz"
  "version" "2.5.0"

"odiff@^1.4.3":
  "integrity" "sha512-NccZMchUzZAuyN2EtdA8oyQfrSftx7x7RIdC/MXuFrZvB91SUWxC0GVLVHoRve011sTtyZDT8yyt3Zis+NP/gg=="
  "resolved" "https://registry.npmjs.org/odiff/-/odiff-1.4.3.tgz"
  "version" "1.4.3"
